
Microsoft Visual Studio Solution File, Format Version 12.00
# Visual Studio Version 17
VisualStudioVersion = 17.8.34511.84
MinimumVisualStudioVersion = 10.0.40219.1
Project("{FAE04EC0-301F-11D3-BF4B-00C04F79EFBC}") = "SDVX-Raing", "SDVX-Raing\SDVX-Raing.csproj", "{2789CA5D-5823-4B66-8B49-4B16EFDD53F7}"
EndProject
Project("{2150E333-8FDC-42A3-9474-1A3956D46DE8}") = "솔루션 항목", "솔루션 항목", "{3DDEC60B-5C1F-4594-A5AF-FCAA8D43B08C}"
EndProject
Global
	GlobalSection(SolutionConfigurationPlatforms) = preSolution
		Debug|Any CPU = Debug|Any CPU
		Release|Any CPU = Release|Any CPU
	EndGlobalSection
	GlobalSection(ProjectConfigurationPlatforms) = postSolution
		{2789CA5D-5823-4B66-8B49-4B16EFDD53F7}.Debug|Any CPU.ActiveCfg = Debug|Any CPU
		{2789CA5D-5823-4B66-8B49-4B16EFDD53F7}.Debug|Any CPU.Build.0 = Debug|Any CPU
		{2789CA5D-5823-4B66-8B49-4B16EFDD53F7}.Release|Any CPU.ActiveCfg = Release|Any CPU
		{2789CA5D-5823-4B66-8B49-4B16EFDD53F7}.Release|Any CPU.Build.0 = Release|Any CPU
	EndGlobalSection
	GlobalSection(SolutionProperties) = preSolution
		HideSolutionNode = FALSE
	EndGlobalSection
	GlobalSection(ExtensibilityGlobals) = postSolution
		SolutionGuid = {DA926FC3-187C-4CC2-B7AA-245385F4DE59}
	EndGlobalSection
EndGlobal
